// !$*UTF8*$!
{
	archiveVersion = 1;
	classes = {
	};
	objectVersion = 56;
	objects = {

/* Begin PBXBuildFile section */
		BF04450329D97222004A4280 /* SettingView.swift in Sources */ = {isa = PBXBuildFile; fileRef = BF04450229D97222004A4280 /* SettingView.swift */; };
		BF04450529D97912004A4280 /* WelcomeView.swift in Sources */ = {isa = PBXBuildFile; fileRef = BF04450429D97912004A4280 /* WelcomeView.swift */; };
		BF12E7A029E067A300076F1F /* Constants.swift in Sources */ = {isa = PBXBuildFile; fileRef = BF12E79F29E067A300076F1F /* Constants.swift */; };
		BF12E7AD29E06FFF00076F1F /* Localizable.strings in Resources */ = {isa = PBXBuildFile; fileRef = BF12E7AF29E06FFF00076F1F /* Localizable.strings */; };
		BF164EC429B632DF0062C04E /* RoutineListView.swift in Sources */ = {isa = PBXBuildFile; fileRef = BF164EC329B632DF0062C04E /* RoutineListView.swift */; };
		BF164EC629B635600062C04E /* RoutineListViewModel.swift in Sources */ = {isa = PBXBuildFile; fileRef = BF164EC529B635600062C04E /* RoutineListViewModel.swift */; };
		BF164EC929B8C50B0062C04E /* CalendarView.swift in Sources */ = {isa = PBXBuildFile; fileRef = BF164EC829B8C50B0062C04E /* CalendarView.swift */; };
		BF78C2D529D34C6600DEF4EE /* PrintDaysView.swift in Sources */ = {isa = PBXBuildFile; fileRef = BF78C2D429D34C6600DEF4EE /* PrintDaysView.swift */; };
		BF78C2D729D3E74200DEF4EE /* TodayViewModel.swift in Sources */ = {isa = PBXBuildFile; fileRef = BF78C2D629D3E74200DEF4EE /* TodayViewModel.swift */; };
		BF78C2D929D3E76700DEF4EE /* GraphViewModel.swift in Sources */ = {isa = PBXBuildFile; fileRef = BF78C2D829D3E76700DEF4EE /* GraphViewModel.swift */; };
		BF78C2DE29D6080900DEF4EE /* TodayView.swift in Sources */ = {isa = PBXBuildFile; fileRef = BF78C2DD29D6080900DEF4EE /* TodayView.swift */; };
		BFABB7AF29C5DD18003F3227 /* CreateNewItemView.swift in Sources */ = {isa = PBXBuildFile; fileRef = BFABB7AE29C5DD18003F3227 /* CreateNewItemView.swift */; };
		BFD5A1A229B1D93200FEA346 /* ContributionGraphApp.swift in Sources */ = {isa = PBXBuildFile; fileRef = BFD5A1A129B1D93200FEA346 /* ContributionGraphApp.swift */; };
		BFD5A1A429B1D93200FEA346 /* ContentView.swift in Sources */ = {isa = PBXBuildFile; fileRef = BFD5A1A329B1D93200FEA346 /* ContentView.swift */; };
		BFD5A1A629B1D93300FEA346 /* Assets.xcassets in Resources */ = {isa = PBXBuildFile; fileRef = BFD5A1A529B1D93300FEA346 /* Assets.xcassets */; };
		BFD5A1A929B1D93300FEA346 /* Preview Assets.xcassets in Resources */ = {isa = PBXBuildFile; fileRef = BFD5A1A829B1D93300FEA346 /* Preview Assets.xcassets */; };
		BFD5A1B029B1E1BA00FEA346 /* Hero.swift in Sources */ = {isa = PBXBuildFile; fileRef = BFD5A1AF29B1E1BA00FEA346 /* Hero.swift */; };
		BFD5A1B229B1E51D00FEA346 /* Category.swift in Sources */ = {isa = PBXBuildFile; fileRef = BFD5A1B129B1E51D00FEA346 /* Category.swift */; };
		BFD5A1B429B23D0300FEA346 /* MenuView.swift in Sources */ = {isa = PBXBuildFile; fileRef = BFD5A1B329B23D0300FEA346 /* MenuView.swift */; };
		BFD5A1B629B23D9500FEA346 /* GraphView.swift in Sources */ = {isa = PBXBuildFile; fileRef = BFD5A1B529B23D9500FEA346 /* GraphView.swift */; };
		BFD5A1BB29B2465100FEA346 /* Block.swift in Sources */ = {isa = PBXBuildFile; fileRef = BFD5A1BA29B2465100FEA346 /* Block.swift */; };
		BFD5A1BD29B24F6500FEA346 /* Routine.swift in Sources */ = {isa = PBXBuildFile; fileRef = BFD5A1BC29B24F6500FEA346 /* Routine.swift */; };
		BFD5A1E129B5AC3900FEA346 /* Persistence.swift in Sources */ = {isa = PBXBuildFile; fileRef = BFD5A1E029B5AC3800FEA346 /* Persistence.swift */; };
		BFD5A1E529B5ACCB00FEA346 /* ContributionGraph.xcdatamodeld in Sources */ = {isa = PBXBuildFile; fileRef = BFD5A1E329B5ACCB00FEA346 /* ContributionGraph.xcdatamodeld */; };
/* End PBXBuildFile section */

/* Begin PBXFileReference section */
		BF04450229D97222004A4280 /* SettingView.swift */ = {isa = PBXFileReference; lastKnownFileType = sourcecode.swift; path = SettingView.swift; sourceTree = "<group>"; };
		BF04450429D97912004A4280 /* WelcomeView.swift */ = {isa = PBXFileReference; lastKnownFileType = sourcecode.swift; path = WelcomeView.swift; sourceTree = "<group>"; };
		BF12E79F29E067A300076F1F /* Constants.swift */ = {isa = PBXFileReference; lastKnownFileType = sourcecode.swift; path = Constants.swift; sourceTree = "<group>"; };
		BF12E7AE29E06FFF00076F1F /* en */ = {isa = PBXFileReference; lastKnownFileType = text.plist.strings; name = en; path = en.lproj/Localizable.strings; sourceTree = "<group>"; };
		BF164EC329B632DF0062C04E /* RoutineListView.swift */ = {isa = PBXFileReference; lastKnownFileType = sourcecode.swift; path = RoutineListView.swift; sourceTree = "<group>"; };
		BF164EC529B635600062C04E /* RoutineListViewModel.swift */ = {isa = PBXFileReference; lastKnownFileType = sourcecode.swift; path = RoutineListViewModel.swift; sourceTree = "<group>"; };
		BF164EC829B8C50B0062C04E /* CalendarView.swift */ = {isa = PBXFileReference; lastKnownFileType = sourcecode.swift; path = CalendarView.swift; sourceTree = "<group>"; };
		BF78C2D429D34C6600DEF4EE /* PrintDaysView.swift */ = {isa = PBXFileReference; lastKnownFileType = sourcecode.swift; path = PrintDaysView.swift; sourceTree = "<group>"; };
		BF78C2D629D3E74200DEF4EE /* TodayViewModel.swift */ = {isa = PBXFileReference; lastKnownFileType = sourcecode.swift; path = TodayViewModel.swift; sourceTree = "<group>"; };
		BF78C2D829D3E76700DEF4EE /* GraphViewModel.swift */ = {isa = PBXFileReference; lastKnownFileType = sourcecode.swift; path = GraphViewModel.swift; sourceTree = "<group>"; };
		BF78C2DD29D6080900DEF4EE /* TodayView.swift */ = {isa = PBXFileReference; lastKnownFileType = sourcecode.swift; path = TodayView.swift; sourceTree = "<group>"; };
		BFABB7AE29C5DD18003F3227 /* CreateNewItemView.swift */ = {isa = PBXFileReference; lastKnownFileType = sourcecode.swift; path = CreateNewItemView.swift; sourceTree = "<group>"; };
		BFBAAD1929E073C000123D0D /* zh-Hans */ = {isa = PBXFileReference; lastKnownFileType = text.plist.strings; name = "zh-Hans"; path = "zh-Hans.lproj/Localizable.strings"; sourceTree = "<group>"; };
		BFBAAD1A29E073C600123D0D /* zh-Hant */ = {isa = PBXFileReference; lastKnownFileType = text.plist.strings; name = "zh-Hant"; path = "zh-Hant.lproj/Localizable.strings"; sourceTree = "<group>"; };
		BFBAAD1B29E073C700123D0D /* ja */ = {isa = PBXFileReference; lastKnownFileType = text.plist.strings; name = ja; path = ja.lproj/Localizable.strings; sourceTree = "<group>"; };
		BFD5A19E29B1D93200FEA346 /* ContributionGraph.app */ = {isa = PBXFileReference; explicitFileType = wrapper.application; includeInIndex = 0; path = ContributionGraph.app; sourceTree = BUILT_PRODUCTS_DIR; };
		BFD5A1A129B1D93200FEA346 /* ContributionGraphApp.swift */ = {isa = PBXFileReference; lastKnownFileType = sourcecode.swift; path = ContributionGraphApp.swift; sourceTree = "<group>"; };
		BFD5A1A329B1D93200FEA346 /* ContentView.swift */ = {isa = PBXFileReference; lastKnownFileType = sourcecode.swift; path = ContentView.swift; sourceTree = "<group>"; };
		BFD5A1A529B1D93300FEA346 /* Assets.xcassets */ = {isa = PBXFileReference; lastKnownFileType = folder.assetcatalog; path = Assets.xcassets; sourceTree = "<group>"; };
		BFD5A1A829B1D93300FEA346 /* Preview Assets.xcassets */ = {isa = PBXFileReference; lastKnownFileType = folder.assetcatalog; path = "Preview Assets.xcassets"; sourceTree = "<group>"; };
		BFD5A1AF29B1E1BA00FEA346 /* Hero.swift */ = {isa = PBXFileReference; lastKnownFileType = sourcecode.swift; path = Hero.swift; sourceTree = "<group>"; };
		BFD5A1B129B1E51D00FEA346 /* Category.swift */ = {isa = PBXFileReference; lastKnownFileType = sourcecode.swift; path = Category.swift; sourceTree = "<group>"; };
		BFD5A1B329B23D0300FEA346 /* MenuView.swift */ = {isa = PBXFileReference; lastKnownFileType = sourcecode.swift; path = MenuView.swift; sourceTree = "<group>"; };
		BFD5A1B529B23D9500FEA346 /* GraphView.swift */ = {isa = PBXFileReference; lastKnownFileType = sourcecode.swift; path = GraphView.swift; sourceTree = "<group>"; };
		BFD5A1BA29B2465100FEA346 /* Block.swift */ = {isa = PBXFileReference; lastKnownFileType = sourcecode.swift; path = Block.swift; sourceTree = "<group>"; };
		BFD5A1BC29B24F6500FEA346 /* Routine.swift */ = {isa = PBXFileReference; lastKnownFileType = sourcecode.swift; path = Routine.swift; sourceTree = "<group>"; };
		BFD5A1E029B5AC3800FEA346 /* Persistence.swift */ = {isa = PBXFileReference; fileEncoding = 4; lastKnownFileType = sourcecode.swift; path = Persistence.swift; sourceTree = "<group>"; };
		BFD5A1E429B5ACCB00FEA346 /* ContributionGraph.xcdatamodel */ = {isa = PBXFileReference; lastKnownFileType = wrapper.xcdatamodel; path = ContributionGraph.xcdatamodel; sourceTree = "<group>"; };
/* End PBXFileReference section */

/* Begin PBXFrameworksBuildPhase section */
		BFD5A19B29B1D93200FEA346 /* Frameworks */ = {
			isa = PBXFrameworksBuildPhase;
			buildActionMask = 2147483647;
			files = (
			);
			runOnlyForDeploymentPostprocessing = 0;
		};
/* End PBXFrameworksBuildPhase section */

/* Begin PBXGroup section */
		BF12E79529E060EF00076F1F /* Localization */ = {
			isa = PBXGroup;
			children = (
				BF12E79F29E067A300076F1F /* Constants.swift */,
				BF12E7AF29E06FFF00076F1F /* Localizable.strings */,
			);
			path = Localization;
			sourceTree = "<group>";
		};
		BF164EC729B635670062C04E /* ViewModel */ = {
			isa = PBXGroup;
			children = (
				BF164EC529B635600062C04E /* RoutineListViewModel.swift */,
				BF78C2D629D3E74200DEF4EE /* TodayViewModel.swift */,
				BF78C2D829D3E76700DEF4EE /* GraphViewModel.swift */,
			);
			path = ViewModel;
			sourceTree = "<group>";
		};
		BF78C2DC29D6056E00DEF4EE /* ForTest */ = {
			isa = PBXGroup;
			children = (
				BF78C2D429D34C6600DEF4EE /* PrintDaysView.swift */,
				BF78C2DD29D6080900DEF4EE /* TodayView.swift */,
			);
			path = ForTest;
			sourceTree = "<group>";
		};
		BFD5A19529B1D93200FEA346 = {
			isa = PBXGroup;
			children = (
				BFD5A1A029B1D93200FEA346 /* ContributionGraph */,
				BFD5A19F29B1D93200FEA346 /* Products */,
			);
			sourceTree = "<group>";
		};
		BFD5A19F29B1D93200FEA346 /* Products */ = {
			isa = PBXGroup;
			children = (
				BFD5A19E29B1D93200FEA346 /* ContributionGraph.app */,
			);
			name = Products;
			sourceTree = "<group>";
		};
		BFD5A1A029B1D93200FEA346 /* ContributionGraph */ = {
			isa = PBXGroup;
			children = (
				BFD5A1A129B1D93200FEA346 /* ContributionGraphApp.swift */,
				BFD5A1E229B5AC4600FEA346 /* CoreData */,
				BFD5A1B929B23DDE00FEA346 /* Model */,
				BF164EC729B635670062C04E /* ViewModel */,
				BFD5A1B729B23D9E00FEA346 /* View */,
				BF12E79529E060EF00076F1F /* Localization */,
				BFD5A1A529B1D93300FEA346 /* Assets.xcassets */,
				BFD5A1A729B1D93300FEA346 /* Preview Content */,
			);
			path = ContributionGraph;
			sourceTree = "<group>";
		};
		BFD5A1A729B1D93300FEA346 /* Preview Content */ = {
			isa = PBXGroup;
			children = (
				BFD5A1A829B1D93300FEA346 /* Preview Assets.xcassets */,
			);
			path = "Preview Content";
			sourceTree = "<group>";
		};
		BFD5A1B729B23D9E00FEA346 /* View */ = {
			isa = PBXGroup;
			children = (
				BF04450429D97912004A4280 /* WelcomeView.swift */,
				BFD5A1B329B23D0300FEA346 /* MenuView.swift */,
				BF164EC329B632DF0062C04E /* RoutineListView.swift */,
				BFABB7AE29C5DD18003F3227 /* CreateNewItemView.swift */,
				BFD5A1A329B1D93200FEA346 /* ContentView.swift */,
				BFD5A1B529B23D9500FEA346 /* GraphView.swift */,
				BF04450229D97222004A4280 /* SettingView.swift */,
				BFD5A1B829B23DC800FEA346 /* Component */,
				BF78C2DC29D6056E00DEF4EE /* ForTest */,
			);
			path = View;
			sourceTree = "<group>";
		};
		BFD5A1B829B23DC800FEA346 /* Component */ = {
			isa = PBXGroup;
			children = (
				BF164EC829B8C50B0062C04E /* CalendarView.swift */,
				BFD5A1AF29B1E1BA00FEA346 /* Hero.swift */,
				BFD5A1BA29B2465100FEA346 /* Block.swift */,
			);
			path = Component;
			sourceTree = "<group>";
		};
		BFD5A1B929B23DDE00FEA346 /* Model */ = {
			isa = PBXGroup;
			children = (
				BFD5A1B129B1E51D00FEA346 /* Category.swift */,
				BFD5A1BC29B24F6500FEA346 /* Routine.swift */,
			);
			path = Model;
			sourceTree = "<group>";
		};
		BFD5A1E229B5AC4600FEA346 /* CoreData */ = {
			isa = PBXGroup;
			children = (
				BFD5A1E029B5AC3800FEA346 /* Persistence.swift */,
				BFD5A1E329B5ACCB00FEA346 /* ContributionGraph.xcdatamodeld */,
			);
			path = CoreData;
			sourceTree = "<group>";
		};
/* End PBXGroup section */

/* Begin PBXNativeTarget section */
		BFD5A19D29B1D93200FEA346 /* ContributionGraph */ = {
			isa = PBXNativeTarget;
			buildConfigurationList = BFD5A1AC29B1D93300FEA346 /* Build configuration list for PBXNativeTarget "ContributionGraph" */;
			buildPhases = (
				BFD5A19A29B1D93200FEA346 /* Sources */,
				BFD5A19B29B1D93200FEA346 /* Frameworks */,
				BFD5A19C29B1D93200FEA346 /* Resources */,
			);
			buildRules = (
			);
			dependencies = (
			);
			name = ContributionGraph;
			productName = ContributionGraph;
			productReference = BFD5A19E29B1D93200FEA346 /* ContributionGraph.app */;
			productType = "com.apple.product-type.application";
		};
/* End PBXNativeTarget section */

/* Begin PBXProject section */
		BFD5A19629B1D93200FEA346 /* Project object */ = {
			isa = PBXProject;
			attributes = {
				BuildIndependentTargetsInParallel = 1;
				LastSwiftUpdateCheck = 1420;
				LastUpgradeCheck = 1420;
				TargetAttributes = {
					BFD5A19D29B1D93200FEA346 = {
						CreatedOnToolsVersion = 14.2;
					};
				};
			};
			buildConfigurationList = BFD5A19929B1D93200FEA346 /* Build configuration list for PBXProject "ContributionGraph" */;
			compatibilityVersion = "Xcode 14.0";
			developmentRegion = en;
			hasScannedForEncodings = 0;
			knownRegions = (
				en,
				"zh-Hans",
				"zh-Hant",
				ja,
				Base,
			);
			mainGroup = BFD5A19529B1D93200FEA346;
			productRefGroup = BFD5A19F29B1D93200FEA346 /* Products */;
			projectDirPath = "";
			projectRoot = "";
			targets = (
				BFD5A19D29B1D93200FEA346 /* ContributionGraph */,
			);
		};
/* End PBXProject section */

/* Begin PBXResourcesBuildPhase section */
		BFD5A19C29B1D93200FEA346 /* Resources */ = {
			isa = PBXResourcesBuildPhase;
			buildActionMask = 2147483647;
			files = (
				BF12E7AD29E06FFF00076F1F /* Localizable.strings in Resources */,
				BFD5A1A929B1D93300FEA346 /* Preview Assets.xcassets in Resources */,
				BFD5A1A629B1D93300FEA346 /* Assets.xcassets in Resources */,
			);
			runOnlyForDeploymentPostprocessing = 0;
		};
/* End PBXResourcesBuildPhase section */

/* Begin PBXSourcesBuildPhase section */
		BFD5A19A29B1D93200FEA346 /* Sources */ = {
			isa = PBXSourcesBuildPhase;
			buildActionMask = 2147483647;
			files = (
				BFD5A1B429B23D0300FEA346 /* MenuView.swift in Sources */,
				BFD5A1BB29B2465100FEA346 /* Block.swift in Sources */,
				BFD5A1A429B1D93200FEA346 /* ContentView.swift in Sources */,
				BFD5A1A229B1D93200FEA346 /* ContributionGraphApp.swift in Sources */,
				BF78C2DE29D6080900DEF4EE /* TodayView.swift in Sources */,
				BF164EC629B635600062C04E /* RoutineListViewModel.swift in Sources */,
				BF164EC429B632DF0062C04E /* RoutineListView.swift in Sources */,
				BF78C2D529D34C6600DEF4EE /* PrintDaysView.swift in Sources */,
				BFD5A1B029B1E1BA00FEA346 /* Hero.swift in Sources */,
				BF164EC929B8C50B0062C04E /* CalendarView.swift in Sources */,
				BF04450329D97222004A4280 /* SettingView.swift in Sources */,
				BF12E7A029E067A300076F1F /* Constants.swift in Sources */,
				BFD5A1B229B1E51D00FEA346 /* Category.swift in Sources */,
				BF78C2D929D3E76700DEF4EE /* GraphViewModel.swift in Sources */,
				BFD5A1E529B5ACCB00FEA346 /* ContributionGraph.xcdatamodeld in Sources */,
				BF78C2D729D3E74200DEF4EE /* TodayViewModel.swift in Sources */,
				BF04450529D97912004A4280 /* WelcomeView.swift in Sources */,
				BFD5A1B629B23D9500FEA346 /* GraphView.swift in Sources */,
				BFABB7AF29C5DD18003F3227 /* CreateNewItemView.swift in Sources */,
				BFD5A1BD29B24F6500FEA346 /* Routine.swift in Sources */,
				BFD5A1E129B5AC3900FEA346 /* Persistence.swift in Sources */,
			);
			runOnlyForDeploymentPostprocessing = 0;
		};
/* End PBXSourcesBuildPhase section */

/* Begin PBXVariantGroup section */
		BF12E7AF29E06FFF00076F1F /* Localizable.strings */ = {
			isa = PBXVariantGroup;
			children = (
				BF12E7AE29E06FFF00076F1F /* en */,
				BFBAAD1929E073C000123D0D /* zh-Hans */,
				BFBAAD1A29E073C600123D0D /* zh-Hant */,
				BFBAAD1B29E073C700123D0D /* ja */,
			);
			name = Localizable.strings;
			sourceTree = "<group>";
		};
/* End PBXVariantGroup section */

/* Begin XCBuildConfiguration section */
		BFD5A1AA29B1D93300FEA346 /* Debug */ = {
			isa = XCBuildConfiguration;
			buildSettings = {
				ALWAYS_SEARCH_USER_PATHS = NO;
				CLANG_ANALYZER_NONNULL = YES;
				CLANG_ANALYZER_NUMBER_OBJECT_CONVERSION = YES_AGGRESSIVE;
				CLANG_CXX_LANGUAGE_STANDARD = "gnu++20";
				CLANG_ENABLE_MODULES = YES;
				CLANG_ENABLE_OBJC_ARC = YES;
				CLANG_ENABLE_OBJC_WEAK = YES;
				CLANG_WARN_BLOCK_CAPTURE_AUTORELEASING = YES;
				CLANG_WARN_BOOL_CONVERSION = YES;
				CLANG_WARN_COMMA = YES;
				CLANG_WARN_CONSTANT_CONVERSION = YES;
				CLANG_WARN_DEPRECATED_OBJC_IMPLEMENTATIONS = YES;
				CLANG_WARN_DIRECT_OBJC_ISA_USAGE = YES_ERROR;
				CLANG_WARN_DOCUMENTATION_COMMENTS = YES;
				CLANG_WARN_EMPTY_BODY = YES;
				CLANG_WARN_ENUM_CONVERSION = YES;
				CLANG_WARN_INFINITE_RECURSION = YES;
				CLANG_WARN_INT_CONVERSION = YES;
				CLANG_WARN_NON_LITERAL_NULL_CONVERSION = YES;
				CLANG_WARN_OBJC_IMPLICIT_RETAIN_SELF = YES;
				CLANG_WARN_OBJC_LITERAL_CONVERSION = YES;
				CLANG_WARN_OBJC_ROOT_CLASS = YES_ERROR;
				CLANG_WARN_QUOTED_INCLUDE_IN_FRAMEWORK_HEADER = YES;
				CLANG_WARN_RANGE_LOOP_ANALYSIS = YES;
				CLANG_WARN_STRICT_PROTOTYPES = YES;
				CLANG_WARN_SUSPICIOUS_MOVE = YES;
				CLANG_WARN_UNGUARDED_AVAILABILITY = YES_AGGRESSIVE;
				CLANG_WARN_UNREACHABLE_CODE = YES;
				CLANG_WARN__DUPLICATE_METHOD_MATCH = YES;
				COPY_PHASE_STRIP = NO;
				DEBUG_INFORMATION_FORMAT = dwarf;
				ENABLE_STRICT_OBJC_MSGSEND = YES;
				ENABLE_TESTABILITY = YES;
				GCC_C_LANGUAGE_STANDARD = gnu11;
				GCC_DYNAMIC_NO_PIC = NO;
				GCC_NO_COMMON_BLOCKS = YES;
				GCC_OPTIMIZATION_LEVEL = 0;
				GCC_PREPROCESSOR_DEFINITIONS = (
					"DEBUG=1",
					"$(inherited)",
				);
				GCC_WARN_64_TO_32_BIT_CONVERSION = YES;
				GCC_WARN_ABOUT_RETURN_TYPE = YES_ERROR;
				GCC_WARN_UNDECLARED_SELECTOR = YES;
				GCC_WARN_UNINITIALIZED_AUTOS = YES_AGGRESSIVE;
				GCC_WARN_UNUSED_FUNCTION = YES;
				GCC_WARN_UNUSED_VARIABLE = YES;
				IPHONEOS_DEPLOYMENT_TARGET = 16.2;
				MTL_ENABLE_DEBUG_INFO = INCLUDE_SOURCE;
				MTL_FAST_MATH = YES;
				ONLY_ACTIVE_ARCH = YES;
				SDKROOT = iphoneos;
				SWIFT_ACTIVE_COMPILATION_CONDITIONS = DEBUG;
				SWIFT_OPTIMIZATION_LEVEL = "-Onone";
			};
			name = Debug;
		};
		BFD5A1AB29B1D93300FEA346 /* Release */ = {
			isa = XCBuildConfiguration;
			buildSettings = {
				ALWAYS_SEARCH_USER_PATHS = NO;
				CLANG_ANALYZER_NONNULL = YES;
				CLANG_ANALYZER_NUMBER_OBJECT_CONVERSION = YES_AGGRESSIVE;
				CLANG_CXX_LANGUAGE_STANDARD = "gnu++20";
				CLANG_ENABLE_MODULES = YES;
				CLANG_ENABLE_OBJC_ARC = YES;
				CLANG_ENABLE_OBJC_WEAK = YES;
				CLANG_WARN_BLOCK_CAPTURE_AUTORELEASING = YES;
				CLANG_WARN_BOOL_CONVERSION = YES;
				CLANG_WARN_COMMA = YES;
				CLANG_WARN_CONSTANT_CONVERSION = YES;
				CLANG_WARN_DEPRECATED_OBJC_IMPLEMENTATIONS = YES;
				CLANG_WARN_DIRECT_OBJC_ISA_USAGE = YES_ERROR;
				CLANG_WARN_DOCUMENTATION_COMMENTS = YES;
				CLANG_WARN_EMPTY_BODY = YES;
				CLANG_WARN_ENUM_CONVERSION = YES;
				CLANG_WARN_INFINITE_RECURSION = YES;
				CLANG_WARN_INT_CONVERSION = YES;
				CLANG_WARN_NON_LITERAL_NULL_CONVERSION = YES;
				CLANG_WARN_OBJC_IMPLICIT_RETAIN_SELF = YES;
				CLANG_WARN_OBJC_LITERAL_CONVERSION = YES;
				CLANG_WARN_OBJC_ROOT_CLASS = YES_ERROR;
				CLANG_WARN_QUOTED_INCLUDE_IN_FRAMEWORK_HEADER = YES;
				CLANG_WARN_RANGE_LOOP_ANALYSIS = YES;
				CLANG_WARN_STRICT_PROTOTYPES = YES;
				CLANG_WARN_SUSPICIOUS_MOVE = YES;
				CLANG_WARN_UNGUARDED_AVAILABILITY = YES_AGGRESSIVE;
				CLANG_WARN_UNREACHABLE_CODE = YES;
				CLANG_WARN__DUPLICATE_METHOD_MATCH = YES;
				COPY_PHASE_STRIP = NO;
				DEBUG_INFORMATION_FORMAT = "dwarf-with-dsym";
				ENABLE_NS_ASSERTIONS = NO;
				ENABLE_STRICT_OBJC_MSGSEND = YES;
				GCC_C_LANGUAGE_STANDARD = gnu11;
				GCC_NO_COMMON_BLOCKS = YES;
				GCC_WARN_64_TO_32_BIT_CONVERSION = YES;
				GCC_WARN_ABOUT_RETURN_TYPE = YES_ERROR;
				GCC_WARN_UNDECLARED_SELECTOR = YES;
				GCC_WARN_UNINITIALIZED_AUTOS = YES_AGGRESSIVE;
				GCC_WARN_UNUSED_FUNCTION = YES;
				GCC_WARN_UNUSED_VARIABLE = YES;
				IPHONEOS_DEPLOYMENT_TARGET = 16.2;
				MTL_ENABLE_DEBUG_INFO = NO;
				MTL_FAST_MATH = YES;
				SDKROOT = iphoneos;
				SWIFT_COMPILATION_MODE = wholemodule;
				SWIFT_OPTIMIZATION_LEVEL = "-O";
				VALIDATE_PRODUCT = YES;
			};
			name = Release;
		};
		BFD5A1AD29B1D93300FEA346 /* Debug */ = {
			isa = XCBuildConfiguration;
			buildSettings = {
				ASSETCATALOG_COMPILER_APPICON_NAME = AppIcon;
				ASSETCATALOG_COMPILER_GLOBAL_ACCENT_COLOR_NAME = AccentColor;
				CODE_SIGN_STYLE = Automatic;
				CURRENT_PROJECT_VERSION = 1;
				DEVELOPMENT_ASSET_PATHS = "\"ContributionGraph/Preview Content\"";
				DEVELOPMENT_TEAM = 498CK33283;
				ENABLE_PREVIEWS = YES;
				GENERATE_INFOPLIST_FILE = YES;
				INFOPLIST_KEY_CFBundleDisplayName = PDCA;
				INFOPLIST_KEY_UIApplicationSceneManifest_Generation = YES;
				INFOPLIST_KEY_UIApplicationSupportsIndirectInputEvents = YES;
				INFOPLIST_KEY_UILaunchScreen_Generation = YES;
				INFOPLIST_KEY_UISupportedInterfaceOrientations = UIInterfaceOrientationPortrait;
				INFOPLIST_KEY_UISupportedInterfaceOrientations_iPad = "UIInterfaceOrientationLandscapeLeft UIInterfaceOrientationLandscapeRight UIInterfaceOrientationPortrait UIInterfaceOrientationPortraitUpsideDown";
				IPHONEOS_DEPLOYMENT_TARGET = 16.0;
				LD_RUNPATH_SEARCH_PATHS = (
					"$(inherited)",
					"@executable_path/Frameworks",
				);
				MARKETING_VERSION = 1.0;
				PRODUCT_BUNDLE_IDENTIFIER = "com.teki-ho.ContributionGraph";
				PRODUCT_NAME = "$(TARGET_NAME)";
				SUPPORTED_PLATFORMS = "iphoneos iphonesimulator";
				SUPPORTS_MACCATALYST = NO;
				SUPPORTS_MAC_DESIGNED_FOR_IPHONE_IPAD = NO;
				SWIFT_EMIT_LOC_STRINGS = YES;
				SWIFT_VERSION = 5.0;
				TARGETED_DEVICE_FAMILY = 1;
			};
			name = Debug;
		};
		BFD5A1AE29B1D93300FEA346 /* Release */ = {
			isa = XCBuildConfiguration;
			buildSettings = {
				ASSETCATALOG_COMPILER_APPICON_NAME = AppIcon;
				ASSETCATALOG_COMPILER_GLOBAL_ACCENT_COLOR_NAME = AccentColor;
				CODE_SIGN_STYLE = Automatic;
				CURRENT_PROJECT_VERSION = 1;
				DEVELOPMENT_ASSET_PATHS = "\"ContributionGraph/Preview Content\"";
				DEVELOPMENT_TEAM = 498CK33283;
				ENABLE_PREVIEWS = YES;
				GENERATE_INFOPLIST_FILE = YES;
				INFOPLIST_KEY_CFBundleDisplayName = PDCA;
				INFOPLIST_KEY_UIApplicationSceneManifest_Generation = YES;
				INFOPLIST_KEY_UIApplicationSupportsIndirectInputEvents = YES;
				INFOPLIST_KEY_UILaunchScreen_Generation = YES;
				INFOPLIST_KEY_UISupportedInterfaceOrientations = UIInterfaceOrientationPortrait;
				INFOPLIST_KEY_UISupportedInterfaceOrientations_iPad = "UIInterfaceOrientationLandscapeLeft UIInterfaceOrientationLandscapeRight UIInterfaceOrientationPortrait UIInterfaceOrientationPortraitUpsideDown";
				IPHONEOS_DEPLOYMENT_TARGET = 16.0;
				LD_RUNPATH_SEARCH_PATHS = (
					"$(inherited)",
					"@executable_path/Frameworks",
				);
				MARKETING_VERSION = 1.0;
				PRODUCT_BUNDLE_IDENTIFIER = "com.teki-ho.ContributionGraph";
				PRODUCT_NAME = "$(TARGET_NAME)";
				SUPPORTED_PLATFORMS = "iphoneos iphonesimulator";
				SUPPORTS_MACCATALYST = NO;
				SUPPORTS_MAC_DESIGNED_FOR_IPHONE_IPAD = NO;
				SWIFT_EMIT_LOC_STRINGS = YES;
				SWIFT_VERSION = 5.0;
				TARGETED_DEVICE_FAMILY = 1;
			};
			name = Release;
		};
/* End XCBuildConfiguration section */

/* Begin XCConfigurationList section */
		BFD5A19929B1D93200FEA346 /* Build configuration list for PBXProject "ContributionGraph" */ = {
			isa = XCConfigurationList;
			buildConfigurations = (
				BFD5A1AA29B1D93300FEA346 /* Debug */,
				BFD5A1AB29B1D93300FEA346 /* Release */,
			);
			defaultConfigurationIsVisible = 0;
			defaultConfigurationName = Release;
		};
		BFD5A1AC29B1D93300FEA346 /* Build configuration list for PBXNativeTarget "ContributionGraph" */ = {
			isa = XCConfigurationList;
			buildConfigurations = (
				BFD5A1AD29B1D93300FEA346 /* Debug */,
				BFD5A1AE29B1D93300FEA346 /* Release */,
			);
			defaultConfigurationIsVisible = 0;
			defaultConfigurationName = Release;
		};
/* End XCConfigurationList section */

/* Begin XCVersionGroup section */
		BFD5A1E329B5ACCB00FEA346 /* ContributionGraph.xcdatamodeld */ = {
			isa = XCVersionGroup;
			children = (
				BFD5A1E429B5ACCB00FEA346 /* ContributionGraph.xcdatamodel */,
			);
			currentVersion = BFD5A1E429B5ACCB00FEA346 /* ContributionGraph.xcdatamodel */;
			path = ContributionGraph.xcdatamodeld;
			sourceTree = "<group>";
			versionGroupType = wrapper.xcdatamodel;
		};
/* End XCVersionGroup section */
	};
	rootObject = BFD5A19629B1D93200FEA346 /* Project object */;
}
